PODS:
  - GoogleWebRTC (1.1.32000)
  - KeychainSwift (24.0.0)
  - Socket.IO-Client-Swift (16.1.1):
    - Starscream (~> 4.0.8)
  - Starscream (4.0.8)

DEPENDENCIES:
  - GoogleWebRTC
  - KeychainSwift (~> 24.0)
  - Socket.IO-Client-Swift (~> 16.1)

SPEC REPOS:
  trunk:
    - GoogleWebRTC
    - KeychainSwift
    - Socket.IO-Client-Swift
    - Starscream

SPEC CHECKSUMS:
  GoogleWebRTC: 4d261187b30512efdb711d21fa961a6adf138717
  KeychainSwift: 007c4647486e4563adca839cf02cef00deb3b670
  Socket.IO-Client-Swift: 3614bea82ba005df1c2ff01154f4004993e05ad7
  Starscream: 19b5533ddb925208db698f0ac508a100b884a1b9

PODFILE CHECKSUM: 2cc8c315ea3215da71cf44bb69ec3e55080dd567

COCOAPODS: 1.16.2
